// !$*UTF8*$!
{
	archiveVersion = 1;
	classes = {
	};
	objectVersion = 45;
	objects = {

/* Begin PBXBuildFile section */
		8D11072A0486CEB800E47090 /* MainMenu.nib in Resources */ = {isa = PBXBuildFile; fileRef = 29B97318FDCFA39411CA2CEA /* MainMenu.nib */; };
		8D11072B0486CEB800E47090 /* InfoPlist.strings in Resources */ = {isa = PBXBuildFile; fileRef = 089C165CFE840E0CC02AAC07 /* InfoPlist.strings */; };
		8D11072D0486CEB800E47090 /* main.m in Sources */ = {isa = PBXBuildFile; fileRef = 29B97316FDCFA39411CA2CEA /* main.m */; settings = {ATTRIBUTES = (); }; };
		8D11072F0486CEB800E47090 /* Cocoa.framework in Frameworks */ = {isa = PBXBuildFile; fileRef = 1058C7A1FEA54F0111CA2CBB /* Cocoa.framework */; };
		DB0C1FB70F360EE5000AEEA2 /* SenTestingKit.framework in Frameworks */ = {isa = PBXBuildFile; fileRef = DB0C1FB60F360EE5000AEEA2 /* SenTestingKit.framework */; };
		DB0C1FC80F361271000AEEA2 /* testSiteswap.m in Sources */ = {isa = PBXBuildFile; fileRef = DB0C1FC70F361271000AEEA2 /* testSiteswap.m */; };
		DB1041880F0D1EF6006FEFCB /* Hand.m in Sources */ = {isa = PBXBuildFile; fileRef = DB1041870F0D1EF6006FEFCB /* Hand.m */; };
		DB1041BF0F0D22CE006FEFCB /* Throwable.m in Sources */ = {isa = PBXBuildFile; fileRef = DB1041BE0F0D22CE006FEFCB /* Throwable.m */; };
		DB1F04B90F0A613200484976 /* GLUT.framework in Frameworks */ = {isa = PBXBuildFile; fileRef = DB1F04B70F0A613200484976 /* GLUT.framework */; };
		DB1F04BA0F0A613200484976 /* OpenGL.framework in Frameworks */ = {isa = PBXBuildFile; fileRef = DB1F04B80F0A613200484976 /* OpenGL.framework */; };
		DB1F04DD0F0A76AA00484976 /* SSPattern.m in Sources */ = {isa = PBXBuildFile; fileRef = DB1F04DC0F0A76AA00484976 /* SSPattern.m */; };
		DB1F04E00F0A76B700484976 /* Movement.m in Sources */ = {isa = PBXBuildFile; fileRef = DB1F04DF0F0A76B700484976 /* Movement.m */; };
		DB1F05650F0A956A00484976 /* Controller.m in Sources */ = {isa = PBXBuildFile; fileRef = DB1F05640F0A956A00484976 /* Controller.m */; };
		DB21C2740FCDEBBF00886930 /* todo in Resources */ = {isa = PBXBuildFile; fileRef = DB21C2730FCDEBBF00886930 /* todo */; };
		DB91BBDA0FD1ED2D00D92A5F /* SSPattern.m in Sources */ = {isa = PBXBuildFile; fileRef = DB1F04DC0F0A76AA00484976 /* SSPattern.m */; };
		DB91BBE60FD1ED9B00D92A5F /* Throwable.m in Sources */ = {isa = PBXBuildFile; fileRef = DB1041BE0F0D22CE006FEFCB /* Throwable.m */; };
		DB91BBE80FD1ED9B00D92A5F /* Movement.m in Sources */ = {isa = PBXBuildFile; fileRef = DB1F04DF0F0A76B700484976 /* Movement.m */; };
		DB91BBEA0FD1ED9B00D92A5F /* Hand.m in Sources */ = {isa = PBXBuildFile; fileRef = DB1041870F0D1EF6006FEFCB /* Hand.m */; };
		DBA02DAC0F99D1BB00F1AEC0 /* SSView.m in Sources */ = {isa = PBXBuildFile; fileRef = DBA02DAB0F99D1BB00F1AEC0 /* SSView.m */; };
		DBA23CBD0F1D50C600D4F14D /* QuartzCore.framework in Frameworks */ = {isa = PBXBuildFile; fileRef = DBA23CBC0F1D50C600D4F14D /* QuartzCore.framework */; };
		DBD3ECD80FD289C700B5AF1A /* Controller.m in Sources */ = {isa = PBXBuildFile; fileRef = DB1F05640F0A956A00484976 /* Controller.m */; };
/* End PBXBuildFile section */

/* Begin PBXFileReference section */
		089C165DFE840E0CC02AAC07 /* English */ = {isa = PBXFileReference; fileEncoding = 10; lastKnownFileType = text.plist.strings; name = English; path = English.lproj/InfoPlist.strings; sourceTree = "<group>"; };
		1058C7A1FEA54F0111CA2CBB /* Cocoa.framework */ = {isa = PBXFileReference; lastKnownFileType = wrapper.framework; name = Cocoa.framework; path = /System/Library/Frameworks/Cocoa.framework; sourceTree = "<absolute>"; };
		13E42FB307B3F0F600E4EEF1 /* CoreData.framework */ = {isa = PBXFileReference; lastKnownFileType = wrapper.framework; name = CoreData.framework; path = /System/Library/Frameworks/CoreData.framework; sourceTree = "<absolute>"; };
		29B97316FDCFA39411CA2CEA /* main.m */ = {isa = PBXFileReference; fileEncoding = 4; lastKnownFileType = sourcecode.c.objc; path = main.m; sourceTree = "<group>"; };
		29B97319FDCFA39411CA2CEA /* English */ = {isa = PBXFileReference; lastKnownFileType = wrapper.nib; name = English; path = English.lproj/MainMenu.nib; sourceTree = "<group>"; };
		29B97324FDCFA39411CA2CEA /* AppKit.framework */ = {isa = PBXFileReference; lastKnownFileType = wrapper.framework; name = AppKit.framework; path = /System/Library/Frameworks/AppKit.framework; sourceTree = "<absolute>"; };
		29B97325FDCFA39411CA2CEA /* Foundation.framework */ = {isa = PBXFileReference; lastKnownFileType = wrapper.framework; name = Foundation.framework; path = /System/Library/Frameworks/Foundation.framework; sourceTree = "<absolute>"; };
		32CA4F630368D1EE00C91783 /* juggle_Prefix.pch */ = {isa = PBXFileReference; fileEncoding = 4; lastKnownFileType = sourcecode.c.h; path = juggle_Prefix.pch; sourceTree = "<group>"; };
		8D1107310486CEB800E47090 /* Info.plist */ = {isa = PBXFileReference; fileEncoding = 4; lastKnownFileType = text.plist.xml; path = Info.plist; sourceTree = "<group>"; };
		8D1107320486CEB800E47090 /* juggle.app */ = {isa = PBXFileReference; explicitFileType = wrapper.application; includeInIndex = 0; path = juggle.app; sourceTree = BUILT_PRODUCTS_DIR; };
		DB0C1F770F360BB6000AEEA2 /* test.octest */ = {isa = PBXFileReference; explicitFileType = wrapper.cfbundle; includeInIndex = 0; path = test.octest; sourceTree = BUILT_PRODUCTS_DIR; };
		DB0C1F780F360BB6000AEEA2 /* test-Info.plist */ = {isa = PBXFileReference; lastKnownFileType = text.plist.xml; path = "test-Info.plist"; sourceTree = "<group>"; };
		DB0C1FB60F360EE5000AEEA2 /* SenTestingKit.framework */ = {isa = PBXFileReference; lastKnownFileType = wrapper.framework; name = SenTestingKit.framework; path = Library/Frameworks/SenTestingKit.framework; sourceTree = DEVELOPER_DIR; };
		DB0C1FC60F361271000AEEA2 /* testSiteswap.h */ = {isa = PBXFileReference; fileEncoding = 4; lastKnownFileType = sourcecode.c.h; path = testSiteswap.h; sourceTree = "<group>"; };
		DB0C1FC70F361271000AEEA2 /* testSiteswap.m */ = {isa = PBXFileReference; fileEncoding = 4; lastKnownFileType = sourcecode.c.objc; path = testSiteswap.m; sourceTree = "<group>"; };
		DB1041860F0D1EF6006FEFCB /* Hand.h */ = {isa = PBXFileReference; fileEncoding = 4; lastKnownFileType = sourcecode.c.h; path = Hand.h; sourceTree = "<group>"; };
		DB1041870F0D1EF6006FEFCB /* Hand.m */ = {isa = PBXFileReference; fileEncoding = 4; lastKnownFileType = sourcecode.c.objc; path = Hand.m; sourceTree = "<group>"; };
		DB1041BD0F0D22CE006FEFCB /* Throwable.h */ = {isa = PBXFileReference; fileEncoding = 4; lastKnownFileType = sourcecode.c.h; path = Throwable.h; sourceTree = "<group>"; };
		DB1041BE0F0D22CE006FEFCB /* Throwable.m */ = {isa = PBXFileReference; fileEncoding = 4; lastKnownFileType = sourcecode.c.objc; path = Throwable.m; sourceTree = "<group>"; };
		DB1F04B70F0A613200484976 /* GLUT.framework */ = {isa = PBXFileReference; lastKnownFileType = wrapper.framework; name = GLUT.framework; path = /System/Library/Frameworks/GLUT.framework; sourceTree = "<absolute>"; };
		DB1F04B80F0A613200484976 /* OpenGL.framework */ = {isa = PBXFileReference; lastKnownFileType = wrapper.framework; name = OpenGL.framework; path = /System/Library/Frameworks/OpenGL.framework; sourceTree = "<absolute>"; };
		DB1F04DB0F0A76AA00484976 /* SSPattern.h */ = {isa = PBXFileReference; fileEncoding = 4; lastKnownFileType = sourcecode.c.h; path = SSPattern.h; sourceTree = "<group>"; };
		DB1F04DC0F0A76AA00484976 /* SSPattern.m */ = {isa = PBXFileReference; fileEncoding = 4; lastKnownFileType = sourcecode.c.objc; path = SSPattern.m; sourceTree = "<group>"; };
		DB1F04DE0F0A76B700484976 /* Movement.h */ = {isa = PBXFileReference; fileEncoding = 4; lastKnownFileType = sourcecode.c.h; path = Movement.h; sourceTree = "<group>"; };
		DB1F04DF0F0A76B700484976 /* Movement.m */ = {isa = PBXFileReference; fileEncoding = 4; lastKnownFileType = sourcecode.c.objc; path = Movement.m; sourceTree = "<group>"; };
		DB1F05630F0A956A00484976 /* Controller.h */ = {isa = PBXFileReference; fileEncoding = 4; lastKnownFileType = sourcecode.c.h; path = Controller.h; sourceTree = "<group>"; };
		DB1F05640F0A956A00484976 /* Controller.m */ = {isa = PBXFileReference; fileEncoding = 4; lastKnownFileType = sourcecode.c.objc; path = Controller.m; sourceTree = "<group>"; };
		DB21C2730FCDEBBF00886930 /* todo */ = {isa = PBXFileReference; fileEncoding = 4; lastKnownFileType = text; path = todo; sourceTree = "<group>"; };
		DBA02DAA0F99D1BB00F1AEC0 /* SSView.h */ = {isa = PBXFileReference; fileEncoding = 4; lastKnownFileType = sourcecode.c.h; path = SSView.h; sourceTree = "<group>"; };
		DBA02DAB0F99D1BB00F1AEC0 /* SSView.m */ = {isa = PBXFileReference; fileEncoding = 4; lastKnownFileType = sourcecode.c.objc; path = SSView.m; sourceTree = "<group>"; };
		DBA23CBC0F1D50C600D4F14D /* QuartzCore.framework */ = {isa = PBXFileReference; lastKnownFileType = wrapper.framework; name = QuartzCore.framework; path = /System/Library/Frameworks/QuartzCore.framework; sourceTree = "<absolute>"; };
/* End PBXFileReference section */

/* Begin PBXFrameworksBuildPhase section */
		8D11072E0486CEB800E47090 /* Frameworks */ = {
			isa = PBXFrameworksBuildPhase;
			buildActionMask = 2147483647;
			files = (
				8D11072F0486CEB800E47090 /* Cocoa.framework in Frameworks */,
				DB1F04B90F0A613200484976 /* GLUT.framework in Frameworks */,
				DB1F04BA0F0A613200484976 /* OpenGL.framework in Frameworks */,
				DBA23CBD0F1D50C600D4F14D /* QuartzCore.framework in Frameworks */,
			);
			runOnlyForDeploymentPostprocessing = 0;
		};
		DB0C1F740F360BB6000AEEA2 /* Frameworks */ = {
			isa = PBXFrameworksBuildPhase;
			buildActionMask = 2147483647;
			files = (
				DB0C1FB70F360EE5000AEEA2 /* SenTestingKit.framework in Frameworks */,
			);
			runOnlyForDeploymentPostprocessing = 0;
		};
/* End PBXFrameworksBuildPhase section */

/* Begin PBXGroup section */
		080E96DDFE201D6D7F000001 /* Classes */ = {
			isa = PBXGroup;
			children = (
				DB1F04E30F0A79EB00484976 /* Model */,
				DB1F04E40F0A79F600484976 /* View */,
				DB1F04E50F0A7A0200484976 /* Controller */,
			);
			name = Classes;
			sourceTree = "<group>";
		};
		1058C7A0FEA54F0111CA2CBB /* Linked Frameworks */ = {
			isa = PBXGroup;
			children = (
				DB0C1FB60F360EE5000AEEA2 /* SenTestingKit.framework */,
				DBA23CBC0F1D50C600D4F14D /* QuartzCore.framework */,
				1058C7A1FEA54F0111CA2CBB /* Cocoa.framework */,
			);
			name = "Linked Frameworks";
			sourceTree = "<group>";
		};
		1058C7A2FEA54F0111CA2CBB /* Other Frameworks */ = {
			isa = PBXGroup;
			children = (
				DB1F04B80F0A613200484976 /* OpenGL.framework */,
				DB1F04B70F0A613200484976 /* GLUT.framework */,
				29B97324FDCFA39411CA2CEA /* AppKit.framework */,
				13E42FB307B3F0F600E4EEF1 /* CoreData.framework */,
				29B97325FDCFA39411CA2CEA /* Foundation.framework */,
			);
			name = "Other Frameworks";
			sourceTree = "<group>";
		};
		19C28FACFE9D520D11CA2CBB /* Products */ = {
			isa = PBXGroup;
			children = (
				8D1107320486CEB800E47090 /* juggle.app */,
				DB0C1F770F360BB6000AEEA2 /* test.octest */,
			);
			name = Products;
			sourceTree = "<group>";
		};
		29B97314FDCFA39411CA2CEA /* juggle */ = {
			isa = PBXGroup;
			children = (
				080E96DDFE201D6D7F000001 /* Classes */,
				DB0C1FC20F360F20000AEEA2 /* Test Cases */,
				29B97315FDCFA39411CA2CEA /* Other Sources */,
				29B97317FDCFA39411CA2CEA /* Resources */,
				29B97323FDCFA39411CA2CEA /* Frameworks */,
				19C28FACFE9D520D11CA2CBB /* Products */,
				DB0C1F780F360BB6000AEEA2 /* test-Info.plist */,
				DB21C2730FCDEBBF00886930 /* todo */,
			);
			name = juggle;
			sourceTree = "<group>";
		};
		29B97315FDCFA39411CA2CEA /* Other Sources */ = {
			isa = PBXGroup;
			children = (
				32CA4F630368D1EE00C91783 /* juggle_Prefix.pch */,
				29B97316FDCFA39411CA2CEA /* main.m */,
			);
			name = "Other Sources";
			sourceTree = "<group>";
		};
		29B97317FDCFA39411CA2CEA /* Resources */ = {
			isa = PBXGroup;
			children = (
				8D1107310486CEB800E47090 /* Info.plist */,
				089C165CFE840E0CC02AAC07 /* InfoPlist.strings */,
				29B97318FDCFA39411CA2CEA /* MainMenu.nib */,
			);
			name = Resources;
			sourceTree = "<group>";
		};
		29B97323FDCFA39411CA2CEA /* Frameworks */ = {
			isa = PBXGroup;
			children = (
				1058C7A0FEA54F0111CA2CBB /* Linked Frameworks */,
				1058C7A2FEA54F0111CA2CBB /* Other Frameworks */,
			);
			name = Frameworks;
			sourceTree = "<group>";
		};
		DB0C1FC20F360F20000AEEA2 /* Test Cases */ = {
			isa = PBXGroup;
			children = (
				DB0C1FC60F361271000AEEA2 /* testSiteswap.h */,
				DB0C1FC70F361271000AEEA2 /* testSiteswap.m */,
			);
			name = "Test Cases";
			sourceTree = "<group>";
		};
		DB1F04E30F0A79EB00484976 /* Model */ = {
			isa = PBXGroup;
			children = (
				DB1F04DB0F0A76AA00484976 /* SSPattern.h */,
				DB1F04DC0F0A76AA00484976 /* SSPattern.m */,
				DB1041BD0F0D22CE006FEFCB /* Throwable.h */,
				DB1041BE0F0D22CE006FEFCB /* Throwable.m */,
				DB1F04DE0F0A76B700484976 /* Movement.h */,
				DB1F04DF0F0A76B700484976 /* Movement.m */,
				DB1041860F0D1EF6006FEFCB /* Hand.h */,
				DB1041870F0D1EF6006FEFCB /* Hand.m */,
			);
			name = Model;
			sourceTree = "<group>";
		};
		DB1F04E40F0A79F600484976 /* View */ = {
			isa = PBXGroup;
			children = (
				DBA02DAA0F99D1BB00F1AEC0 /* SSView.h */,
				DBA02DAB0F99D1BB00F1AEC0 /* SSView.m */,
			);
			name = View;
			sourceTree = "<group>";
		};
		DB1F04E50F0A7A0200484976 /* Controller */ = {
			isa = PBXGroup;
			children = (
				DB1F05630F0A956A00484976 /* Controller.h */,
				DB1F05640F0A956A00484976 /* Controller.m */,
			);
			name = Controller;
			sourceTree = "<group>";
		};
/* End PBXGroup section */

/* Begin PBXNativeTarget section */
		8D1107260486CEB800E47090 /* juggle */ = {
			isa = PBXNativeTarget;
			buildConfigurationList = C01FCF4A08A954540054247B /* Build configuration list for PBXNativeTarget "juggle" */;
			buildPhases = (
				8D1107290486CEB800E47090 /* Resources */,
				8D11072C0486CEB800E47090 /* Sources */,
				8D11072E0486CEB800E47090 /* Frameworks */,
			);
			buildRules = (
			);
			dependencies = (
			);
			name = juggle;
			productInstallPath = "$(HOME)/Applications";
			productName = juggle;
			productReference = 8D1107320486CEB800E47090 /* juggle.app */;
			productType = "com.apple.product-type.application";
		};
		DB0C1F760F360BB6000AEEA2 /* test */ = {
			isa = PBXNativeTarget;
			buildConfigurationList = DB0C1F7B0F360BBA000AEEA2 /* Build configuration list for PBXNativeTarget "test" */;
			buildPhases = (
				DB0C1F720F360BB6000AEEA2 /* Resources */,
				DB0C1F730F360BB6000AEEA2 /* Sources */,
				DB0C1F740F360BB6000AEEA2 /* Frameworks */,
				DB0C1F750F360BB6000AEEA2 /* ShellScript */,
			);
			buildRules = (
			);
			dependencies = (
			);
			name = test;
			productName = test;
			productReference = DB0C1F770F360BB6000AEEA2 /* test.octest */;
			productType = "com.apple.product-type.bundle";
		};
/* End PBXNativeTarget section */

/* Begin PBXProject section */
		29B97313FDCFA39411CA2CEA /* Project object */ = {
			isa = PBXProject;
			attributes = {
				BuildIndependentTargetsInParallel = YES;
			};
			buildConfigurationList = C01FCF4E08A954540054247B /* Build configuration list for PBXProject "juggle" */;
			compatibilityVersion = "Xcode 3.1";
			hasScannedForEncodings = 1;
			mainGroup = 29B97314FDCFA39411CA2CEA /* juggle */;
			projectDirPath = "";
			projectRoot = "";
			targets = (
				8D1107260486CEB800E47090 /* juggle */,
				DB0C1F760F360BB6000AEEA2 /* test */,
			);
		};
/* End PBXProject section */

/* Begin PBXResourcesBuildPhase section */
		8D1107290486CEB800E47090 /* Resources */ = {
			isa = PBXResourcesBuildPhase;
			buildActionMask = 2147483647;
			files = (
				8D11072A0486CEB800E47090 /* MainMenu.nib in Resources */,
				8D11072B0486CEB800E47090 /* InfoPlist.strings in Resources */,
				DB21C2740FCDEBBF00886930 /* todo in Resources */,
			);
			runOnlyForDeploymentPostprocessing = 0;
		};
		DB0C1F720F360BB6000AEEA2 /* Resources */ = {
			isa = PBXResourcesBuildPhase;
			buildActionMask = 2147483647;
			files = (
			);
			runOnlyForDeploymentPostprocessing = 0;
		};
/* End PBXResourcesBuildPhase section */

/* Begin PBXShellScriptBuildPhase section */
		DB0C1F750F360BB6000AEEA2 /* ShellScript */ = {
			isa = PBXShellScriptBuildPhase;
			buildActionMask = 2147483647;
			files = (
			);
			inputPaths = (
			);
			outputPaths = (
			);
			runOnlyForDeploymentPostprocessing = 0;
			shellPath = /bin/sh;
			shellScript = "# Run the unit tests in this test bundle.\n\"${SYSTEM_DEVELOPER_DIR}/Tools/RunUnitTests\"\n";
		};
/* End PBXShellScriptBuildPhase section */

/* Begin PBXSourcesBuildPhase section */
		8D11072C0486CEB800E47090 /* Sources */ = {
			isa = PBXSourcesBuildPhase;
			buildActionMask = 2147483647;
			files = (
				8D11072D0486CEB800E47090 /* main.m in Sources */,
				DB1F04DD0F0A76AA00484976 /* SSPattern.m in Sources */,
				DB1F04E00F0A76B700484976 /* Movement.m in Sources */,
				DB1F05650F0A956A00484976 /* Controller.m in Sources */,
				DB1041880F0D1EF6006FEFCB /* Hand.m in Sources */,
				DB1041BF0F0D22CE006FEFCB /* Throwable.m in Sources */,
				DBA02DAC0F99D1BB00F1AEC0 /* SSView.m in Sources */,
			);
			runOnlyForDeploymentPostprocessing = 0;
		};
		DB0C1F730F360BB6000AEEA2 /* Sources */ = {
			isa = PBXSourcesBuildPhase;
			buildActionMask = 2147483647;
			files = (
				DBD3ECD80FD289C700B5AF1A /* Controller.m in Sources */,
				DB91BBE60FD1ED9B00D92A5F /* Throwable.m in Sources */,
				DB91BBE80FD1ED9B00D92A5F /* Movement.m in Sources */,
				DB91BBEA0FD1ED9B00D92A5F /* Hand.m in Sources */,
				DB91BBDA0FD1ED2D00D92A5F /* SSPattern.m in Sources */,
				DB0C1FC80F361271000AEEA2 /* testSiteswap.m in Sources */,
			);
			runOnlyForDeploymentPostprocessing = 0;
		};
/* End PBXSourcesBuildPhase section */

/* Begin PBXVariantGroup section */
		089C165CFE840E0CC02AAC07 /* InfoPlist.strings */ = {
			isa = PBXVariantGroup;
			children = (
				089C165DFE840E0CC02AAC07 /* English */,
			);
			name = InfoPlist.strings;
			sourceTree = "<group>";
		};
		29B97318FDCFA39411CA2CEA /* MainMenu.nib */ = {
			isa = PBXVariantGroup;
			children = (
				29B97319FDCFA39411CA2CEA /* English */,
			);
			name = MainMenu.nib;
			sourceTree = "<group>";
		};
/* End PBXVariantGroup section */

/* Begin XCBuildConfiguration section */
		C01FCF4B08A954540054247B /* Debug */ = {
			isa = XCBuildConfiguration;
			buildSettings = {
				COPY_PHASE_STRIP = NO;
				GCC_DYNAMIC_NO_PIC = NO;
				GCC_ENABLE_FIX_AND_CONTINUE = YES;
				GCC_MODEL_TUNING = G5;
				GCC_OPTIMIZATION_LEVEL = 0;
				GCC_PRECOMPILE_PREFIX_HEADER = YES;
				GCC_PREFIX_HEADER = juggle_Prefix.pch;
				INFOPLIST_FILE = Info.plist;
				INSTALL_PATH = "$(HOME)/Applications";
				PRODUCT_NAME = juggle;
				WRAPPER_EXTENSION = app;
				ZERO_LINK = YES;
			};
			name = Debug;
		};
		C01FCF4C08A954540054247B /* Release */ = {
			isa = XCBuildConfiguration;
			buildSettings = {
				DEBUG_INFORMATION_FORMAT = "dwarf-with-dsym";
				GCC_MODEL_TUNING = G5;
				GCC_PRECOMPILE_PREFIX_HEADER = YES;
				GCC_PREFIX_HEADER = juggle_Prefix.pch;
				INFOPLIST_FILE = Info.plist;
				INSTALL_PATH = "$(HOME)/Applications";
				PRODUCT_NAME = juggle;
				WRAPPER_EXTENSION = app;
			};
			name = Release;
		};
		C01FCF4F08A954540054247B /* Debug */ = {
			isa = XCBuildConfiguration;
			buildSettings = {
				ARCHS = "$(NATIVE_ARCH)";
				GCC_ENABLE_OBJC_GC = unsupported;
				GCC_WARN_ABOUT_RETURN_TYPE = YES;
				GCC_WARN_UNUSED_VARIABLE = YES;
				MACOSX_DEPLOYMENT_TARGET = 10.4;
				ONLY_ACTIVE_ARCH = NO;
				PREBINDING = NO;
				SDKROOT = macosx10.4;
				VALID_ARCHS = "ppc ppc64 ppc7400 ppc970 x86_64";
			};
			name = Debug;
		};
		C01FCF5008A954540054247B /* Release */ = {
			isa = XCBuildConfiguration;
			buildSettings = {
				ARCHS = "$(NATIVE_ARCH)";
				GCC_WARN_ABOUT_RETURN_TYPE = YES;
				GCC_WARN_UNUSED_VARIABLE = YES;
				PREBINDING = NO;
				SDKROOT = macosx10.4;
			};
			name = Release;
		};
		DB0C1F790F360BB9000AEEA2 /* Debug */ = {
			isa = XCBuildConfiguration;
			buildSettings = {
				ALWAYS_SEARCH_USER_PATHS = NO;
				ARCHS = "$(ARCHS_STANDARD_32_BIT)";
				COPY_PHASE_STRIP = NO;
				FRAMEWORK_SEARCH_PATHS = "$(DEVELOPER_LIBRARY_DIR)/Frameworks";
				GCC_DYNAMIC_NO_PIC = NO;
				GCC_ENABLE_FIX_AND_CONTINUE = NO;
				GCC_ENABLE_OBJC_EXCEPTIONS = YES;
				GCC_MODEL_TUNING = G4;
				GCC_OPTIMIZATION_LEVEL = 0;
				GCC_PRECOMPILE_PREFIX_HEADER = YES;
				GCC_PREFIX_HEADER = "$(SYSTEM_LIBRARY_DIR)/Frameworks/Cocoa.framework/Headers/Cocoa.h";
				INFOPLIST_FILE = "test-Info.plist";
				INSTALL_PATH = "$(USER_LIBRARY_DIR)/Bundles";
				OTHER_LDFLAGS = (
					"-framework",
					Cocoa,
					"-framework",
					SenTestingKit,
				);
				PREBINDING = NO;
				PRODUCT_NAME = test;
				VALID_ARCHS = "i386 ppc ppc64 ppc7400 ppc970 x86_64";
				WRAPPER_EXTENSION = octest;
			};
			name = Debug;
		};
		DB0C1F7A0F360BB9000AEEA2 /* Release */ = {
			isa = XCBuildConfiguration;
			buildSettings = {
				ALWAYS_SEARCH_USER_PATHS = NO;
				COPY_PHASE_STRIP = YES;
				DEBUG_INFORMATION_FORMAT = "dwarf-with-dsym";
				FRAMEWORK_SEARCH_PATHS = "$(DEVELOPER_LIBRARY_DIR)/Frameworks";
				GCC_ENABLE_FIX_AND_CONTINUE = NO;
				GCC_ENABLE_OBJC_EXCEPTIONS = YES;
				GCC_MODEL_TUNING = G5;
				GCC_PRECOMPILE_PREFIX_HEADER = YES;
				GCC_PREFIX_HEADER = "$(SYSTEM_LIBRARY_DIR)/Frameworks/Cocoa.framework/Headers/Cocoa.h";
				INFOPLIST_FILE = "test-Info.plist";
				INSTALL_PATH = "$(USER_LIBRARY_DIR)/Bundles";
				OTHER_LDFLAGS = (
					"-framework",
					Cocoa,
					"-framework",
					SenTestingKit,
				);
				PREBINDING = NO;
				PRODUCT_NAME = test;
				WRAPPER_EXTENSION = octest;
				ZERO_LINK = NO;
			};
			name = Release;
		};
/* End XCBuildConfiguration section */

/* Begin XCConfigurationList section */
		C01FCF4A08A954540054247B /* Build configuration list for PBXNativeTarget "juggle" */ = {
			isa = XCConfigurationList;
			buildConfigurations = (
				C01FCF4B08A954540054247B /* Debug */,
				C01FCF4C08A954540054247B /* Release */,
			);
			defaultConfigurationIsVisible = 0;
			defaultConfigurationName = Release;
		};
		C01FCF4E08A954540054247B /* Build configuration list for PBXProject "juggle" */ = {
			isa = XCConfigurationList;
			buildConfigurations = (
				C01FCF4F08A954540054247B /* Debug */,
				C01FCF5008A954540054247B /* Release */,
			);
			defaultConfigurationIsVisible = 0;
			defaultConfigurationName = Release;
		};
		DB0C1F7B0F360BBA000AEEA2 /* Build configuration list for PBXNativeTarget "test" */ = {
			isa = XCConfigurationList;
			buildConfigurations = (
				DB0C1F790F360BB9000AEEA2 /* Debug */,
				DB0C1F7A0F360BB9000AEEA2 /* Release */,
			);
			defaultConfigurationIsVisible = 0;
			defaultConfigurationName = Release;
		};
/* End XCConfigurationList section */
	};
	rootObject = 29B97313FDCFA39411CA2CEA /* Project object */;
}
